
Microsoft Visual Studio Solution File, Format Version 12.00
# Visual Studio Version 16
VisualStudioVersion = 16.0.31515.178
MinimumVisualStudioVersion = 10.0.40219.1
Project("{00D1A9C2-B5F0-4AF3-8072-F6C62B433612}") = "SQLServerData", "SQLServerData\SQLServerData.sqlproj", "{5F6103CB-3C18-4ED6-9390-751B6BBB8028}"
EndProject
Global
	GlobalSection(SolutionConfigurationPlatforms) = preSolution
		Debug|Any CPU = Debug|Any CPU
		Release|Any CPU = Release|Any CPU
	EndGlobalSection
	GlobalSection(ProjectConfigurationPlatforms) = postSolution
		{5F6103CB-3C18-4ED6-9390-751B6BBB8028}.Debug|Any CPU.ActiveCfg = Debug|Any CPU
		{5F6103CB-3C18-4ED6-9390-751B6BBB8028}.Debug|Any CPU.Build.0 = Debug|Any CPU
		{5F6103CB-3C18-4ED6-9390-751B6BBB8028}.Debug|Any CPU.Deploy.0 = Debug|Any CPU
		{5F6103CB-3C18-4ED6-9390-751B6BBB8028}.Release|Any CPU.ActiveCfg = Release|Any CPU
		{5F6103CB-3C18-4ED6-9390-751B6BBB8028}.Release|Any CPU.Build.0 = Release|Any CPU
		{5F6103CB-3C18-4ED6-9390-751B6BBB8028}.Release|Any CPU.Deploy.0 = Release|Any CPU
	EndGlobalSection
	GlobalSection(SolutionProperties) = preSolution
		HideSolutionNode = FALSE
	EndGlobalSection
	GlobalSection(ExtensibilityGlobals) = postSolution
		SolutionGuid = {1B73FCA5-4778-4008-9CAD-15F02689CC15}
	EndGlobalSection
EndGlobal
